
Microsoft Visual Studio Solution File, Format Version 12.00
# Visual Studio Version 17
VisualStudioVersion = 17.8.34322.80
MinimumVisualStudioVersion = 10.0.40219.1
Project("{FAE04EC0-301F-11D3-BF4B-00C04F79EFBC}") = "Db_Connection", "Db_Connection\Db_Connection.csproj", "{09962D47-5924-4D00-9119-365A166430CA}"
EndProject
Global
	GlobalSection(SolutionConfigurationPlatforms) = preSolution
		Debug|Any CPU = Debug|Any CPU
		Release|Any CPU = Release|Any CPU
	EndGlobalSection
	GlobalSection(ProjectConfigurationPlatforms) = postSolution
		{09962D47-5924-4D00-9119-365A166430CA}.Debug|Any CPU.ActiveCfg = Debug|Any CPU
		{09962D47-5924-4D00-9119-365A166430CA}.Debug|Any CPU.Build.0 = Debug|Any CPU
		{09962D47-5924-4D00-9119-365A166430CA}.Release|Any CPU.ActiveCfg = Release|Any CPU
		{09962D47-5924-4D00-9119-365A166430CA}.Release|Any CPU.Build.0 = Release|Any CPU
	EndGlobalSection
	GlobalSection(SolutionProperties) = preSolution
		HideSolutionNode = FALSE
	EndGlobalSection
	GlobalSection(ExtensibilityGlobals) = postSolution
		SolutionGuid = {F7767009-36E4-4667-9872-76D3CFA8A29F}
	EndGlobalSection
EndGlobal
